PODS:
  - Masonry (0.6.2)
  - MJExtension (2.5.1)
  - MJRefresh (2.2.1)
  - SDWebImage (3.7.3):
    - SDWebImage/Core (= 3.7.3)
  - SDWebImage/Core (3.7.3)
  - UITableView+FDTemplateLayoutCell (1.3)

DEPENDENCIES:
  - Masonry (~> 0.6.2)
  - MJExtension (~> 2.5.0)
  - MJRefresh (~> 2.2.1)
  - SDWebImage (~> 3.7.3)
  - UITableView+FDTemplateLayoutCell (~> 1.3)

SPEC CHECKSUMS:
  Masonry: 362e8a1cc0beada4a4c4832d5e863da2a51533be
  MJExtension: 5df6fee3baeb8efa48f93e1cfe4120ebba2d6f07
  MJRefresh: c3fa0387e8e97a11a9666639d2f815607edd1c2f
  SDWebImage: 1d2b1a1efda1ade1b00b6f8498865f8ddedc8a84
  UITableView+FDTemplateLayoutCell: d5be6056b5060313f5955a2590ecd33142ad713d

COCOAPODS: 0.37.2
